// !$*UTF8*$!
{
	archiveVersion = 1;
	classes = {
	};
	objectVersion = 45;
	objects = {

/* Begin PBXBuildFile section */
		030F20530FA9FB7F0026C436 /* README.markdown in Resources */ = {isa = PBXBuildFile; fileRef = 030F20520FA9FB7F0026C436 /* README.markdown */; };
		030F24B00FB1C6CF0026C436 /* NSString+TH.m in Sources */ = {isa = PBXBuildFile; fileRef = 030F24AF0FB1C6CF0026C436 /* NSString+TH.m */; };
		033595590F9AAF430084F7BD /* libxml2.dylib in Frameworks */ = {isa = PBXBuildFile; fileRef = 033595580F9AAF430084F7BD /* libxml2.dylib */; };
		033595920F9AB5180084F7BD /* THController.m in Sources */ = {isa = PBXBuildFile; fileRef = 033595910F9AB5180084F7BD /* THController.m */; };
		033596340F9B9AF30084F7BD /* User.m in Sources */ = {isa = PBXBuildFile; fileRef = 033596320F9B9AF30084F7BD /* User.m */; };
		033596840F9BF7DE0084F7BD /* NSManagedObject+TH.m in Sources */ = {isa = PBXBuildFile; fileRef = 033596830F9BF7DE0084F7BD /* NSManagedObject+TH.m */; };
		0335992A0F9CC2500084F7BD /* TweetView.m in Sources */ = {isa = PBXBuildFile; fileRef = 033599290F9CC2500084F7BD /* TweetView.m */; };
		03359D1A0F9D09190084F7BD /* TweetCollectionViewItem.m in Sources */ = {isa = PBXBuildFile; fileRef = 03359D190F9D09190084F7BD /* TweetCollectionViewItem.m */; };
		03359F1C0F9D412A0084F7BD /* Defaults.plist in Resources */ = {isa = PBXBuildFile; fileRef = 03359F1B0F9D412A0084F7BD /* Defaults.plist */; };
		03359F790F9D48F20084F7BD /* TextRule.m in Sources */ = {isa = PBXBuildFile; fileRef = 03359F760F9D48F20084F7BD /* TextRule.m */; };
		039B77EB0F9F2C99009A0C57 /* Tweet.m in Sources */ = {isa = PBXBuildFile; fileRef = 039B77EA0F9F2C99009A0C57 /* Tweet.m */; };
		03F7F368118C5D5A00CE6E55 /* MGTwitterEngine.m in Sources */ = {isa = PBXBuildFile; fileRef = 03F7F339118C5D5A00CE6E55 /* MGTwitterEngine.m */; };
		03F7F369118C5D5A00CE6E55 /* MGTwitterHTTPURLConnection.m in Sources */ = {isa = PBXBuildFile; fileRef = 03F7F33D118C5D5A00CE6E55 /* MGTwitterHTTPURLConnection.m */; };
		03F7F36A118C5D5A00CE6E55 /* MGTwitterLibXMLParser.m in Sources */ = {isa = PBXBuildFile; fileRef = 03F7F33F118C5D5A00CE6E55 /* MGTwitterLibXMLParser.m */; };
		03F7F36B118C5D5A00CE6E55 /* MGTwitterMessagesLibXMLParser.m in Sources */ = {isa = PBXBuildFile; fileRef = 03F7F341118C5D5A00CE6E55 /* MGTwitterMessagesLibXMLParser.m */; };
		03F7F36C118C5D5A00CE6E55 /* MGTwitterMessagesParser.m in Sources */ = {isa = PBXBuildFile; fileRef = 03F7F343118C5D5A00CE6E55 /* MGTwitterMessagesParser.m */; };
		03F7F36E118C5D5A00CE6E55 /* MGTwitterMiscLibXMLParser.m in Sources */ = {isa = PBXBuildFile; fileRef = 03F7F347118C5D5A00CE6E55 /* MGTwitterMiscLibXMLParser.m */; };
		03F7F36F118C5D5A00CE6E55 /* MGTwitterMiscParser.m in Sources */ = {isa = PBXBuildFile; fileRef = 03F7F349118C5D5A00CE6E55 /* MGTwitterMiscParser.m */; };
		03F7F372118C5D5A00CE6E55 /* MGTwitterSocialGraphLibXMLParser.m in Sources */ = {isa = PBXBuildFile; fileRef = 03F7F351118C5D5A00CE6E55 /* MGTwitterSocialGraphLibXMLParser.m */; };
		03F7F373118C5D5A00CE6E55 /* MGTwitterSocialGraphParser.m in Sources */ = {isa = PBXBuildFile; fileRef = 03F7F353118C5D5A00CE6E55 /* MGTwitterSocialGraphParser.m */; };
		03F7F374118C5D5A00CE6E55 /* MGTwitterStatusesLibXMLParser.m in Sources */ = {isa = PBXBuildFile; fileRef = 03F7F355118C5D5A00CE6E55 /* MGTwitterStatusesLibXMLParser.m */; };
		03F7F375118C5D5A00CE6E55 /* MGTwitterStatusesParser.m in Sources */ = {isa = PBXBuildFile; fileRef = 03F7F357118C5D5A00CE6E55 /* MGTwitterStatusesParser.m */; };
		03F7F377118C5D5A00CE6E55 /* MGTwitterUsersLibXMLParser.m in Sources */ = {isa = PBXBuildFile; fileRef = 03F7F35B118C5D5A00CE6E55 /* MGTwitterUsersLibXMLParser.m */; };
		03F7F378118C5D5A00CE6E55 /* MGTwitterUsersParser.m in Sources */ = {isa = PBXBuildFile; fileRef = 03F7F35D118C5D5A00CE6E55 /* MGTwitterUsersParser.m */; };
		03F7F37A118C5D5A00CE6E55 /* MGTwitterXMLParser.m in Sources */ = {isa = PBXBuildFile; fileRef = 03F7F361118C5D5A00CE6E55 /* MGTwitterXMLParser.m */; };
		03F7F37C118C5D5A00CE6E55 /* NSData+Base64.m in Sources */ = {isa = PBXBuildFile; fileRef = 03F7F365118C5D5A00CE6E55 /* NSData+Base64.m */; };
		03F7F37D118C5D5A00CE6E55 /* NSString+UUID.m in Sources */ = {isa = PBXBuildFile; fileRef = 03F7F367118C5D5A00CE6E55 /* NSString+UUID.m */; };
		2F7446990DB6B7EA00F9684A /* MainMenu.xib in Resources */ = {isa = PBXBuildFile; fileRef = 2F7446970DB6B7EA00F9684A /* MainMenu.xib */; };
		770B37ED0679A11B001EADE2 /* TwitHunter_DataModel.xcdatamodel in Sources */ = {isa = PBXBuildFile; fileRef = 770B37EC0679A11B001EADE2 /* TwitHunter_DataModel.xcdatamodel */; };
		77C8280E06725ACE000B614F /* TwitHunter_AppDelegate.m in Sources */ = {isa = PBXBuildFile; fileRef = 77C8280C06725ACE000B614F /* TwitHunter_AppDelegate.m */; };
		8D11072B0486CEB800E47090 /* InfoPlist.strings in Resources */ = {isa = PBXBuildFile; fileRef = 089C165CFE840E0CC02AAC07 /* InfoPlist.strings */; };
		8D11072D0486CEB800E47090 /* main.m in Sources */ = {isa = PBXBuildFile; fileRef = 29B97316FDCFA39411CA2CEA /* main.m */; settings = {ATTRIBUTES = (); }; };
		8D11072F0486CEB800E47090 /* Cocoa.framework in Frameworks */ = {isa = PBXBuildFile; fileRef = 1058C7A1FEA54F0111CA2CBB /* Cocoa.framework */; };
/* End PBXBuildFile section */

/* Begin PBXFileReference section */
		030F20520FA9FB7F0026C436 /* README.markdown */ = {isa = PBXFileReference; fileEncoding = 4; lastKnownFileType = text; path = README.markdown; sourceTree = "<group>"; };
		030F24AE0FB1C6CF0026C436 /* NSString+TH.h */ = {isa = PBXFileReference; fileEncoding = 4; lastKnownFileType = sourcecode.c.h; path = "NSString+TH.h"; sourceTree = "<group>"; };
		030F24AF0FB1C6CF0026C436 /* NSString+TH.m */ = {isa = PBXFileReference; fileEncoding = 4; lastKnownFileType = sourcecode.c.objc; path = "NSString+TH.m"; sourceTree = "<group>"; };
		033595580F9AAF430084F7BD /* libxml2.dylib */ = {isa = PBXFileReference; lastKnownFileType = "compiled.mach-o.dylib"; name = libxml2.dylib; path = /usr/lib/libxml2.dylib; sourceTree = "<absolute>"; };
		033595900F9AB5180084F7BD /* THController.h */ = {isa = PBXFileReference; fileEncoding = 4; lastKnownFileType = sourcecode.c.h; path = THController.h; sourceTree = "<group>"; };
		033595910F9AB5180084F7BD /* THController.m */ = {isa = PBXFileReference; fileEncoding = 4; lastKnownFileType = sourcecode.c.objc; path = THController.m; sourceTree = "<group>"; };
		033596310F9B9AF30084F7BD /* User.h */ = {isa = PBXFileReference; fileEncoding = 4; lastKnownFileType = sourcecode.c.h; path = User.h; sourceTree = "<group>"; };
		033596320F9B9AF30084F7BD /* User.m */ = {isa = PBXFileReference; fileEncoding = 4; lastKnownFileType = sourcecode.c.objc; path = User.m; sourceTree = "<group>"; };
		033596820F9BF7DE0084F7BD /* NSManagedObject+TH.h */ = {isa = PBXFileReference; fileEncoding = 4; lastKnownFileType = sourcecode.c.h; path = "NSManagedObject+TH.h"; sourceTree = "<group>"; };
		033596830F9BF7DE0084F7BD /* NSManagedObject+TH.m */ = {isa = PBXFileReference; fileEncoding = 4; lastKnownFileType = sourcecode.c.objc; path = "NSManagedObject+TH.m"; sourceTree = "<group>"; };
		033599280F9CC2500084F7BD /* TweetView.h */ = {isa = PBXFileReference; fileEncoding = 4; lastKnownFileType = sourcecode.c.h; path = TweetView.h; sourceTree = "<group>"; };
		033599290F9CC2500084F7BD /* TweetView.m */ = {isa = PBXFileReference; fileEncoding = 4; lastKnownFileType = sourcecode.c.objc; path = TweetView.m; sourceTree = "<group>"; };
		03359D180F9D09190084F7BD /* TweetCollectionViewItem.h */ = {isa = PBXFileReference; fileEncoding = 4; lastKnownFileType = sourcecode.c.h; path = TweetCollectionViewItem.h; sourceTree = "<group>"; };
		03359D190F9D09190084F7BD /* TweetCollectionViewItem.m */ = {isa = PBXFileReference; fileEncoding = 4; lastKnownFileType = sourcecode.c.objc; path = TweetCollectionViewItem.m; sourceTree = "<group>"; };
		03359F1B0F9D412A0084F7BD /* Defaults.plist */ = {isa = PBXFileReference; fileEncoding = 4; lastKnownFileType = text.plist.xml; path = Defaults.plist; sourceTree = "<group>"; };
		03359F750F9D48F20084F7BD /* TextRule.h */ = {isa = PBXFileReference; fileEncoding = 4; lastKnownFileType = sourcecode.c.h; path = TextRule.h; sourceTree = "<group>"; };
		03359F760F9D48F20084F7BD /* TextRule.m */ = {isa = PBXFileReference; fileEncoding = 4; lastKnownFileType = sourcecode.c.objc; path = TextRule.m; sourceTree = "<group>"; };
		039B77E90F9F2C99009A0C57 /* Tweet.h */ = {isa = PBXFileReference; fileEncoding = 4; lastKnownFileType = sourcecode.c.h; path = Tweet.h; sourceTree = "<group>"; };
		039B77EA0F9F2C99009A0C57 /* Tweet.m */ = {isa = PBXFileReference; fileEncoding = 4; lastKnownFileType = sourcecode.c.objc; path = Tweet.m; sourceTree = "<group>"; };
		03F7F338118C5D5A00CE6E55 /* MGTwitterEngine.h */ = {isa = PBXFileReference; fileEncoding = 4; lastKnownFileType = sourcecode.c.h; name = MGTwitterEngine.h; path = ../MGTwitterEngine/MGTwitterEngine.h; sourceTree = SOURCE_ROOT; };
		03F7F339118C5D5A00CE6E55 /* MGTwitterEngine.m */ = {isa = PBXFileReference; fileEncoding = 4; lastKnownFileType = sourcecode.c.objc; name = MGTwitterEngine.m; path = ../MGTwitterEngine/MGTwitterEngine.m; sourceTree = SOURCE_ROOT; };
		03F7F33A118C5D5A00CE6E55 /* MGTwitterEngineDelegate.h */ = {isa = PBXFileReference; fileEncoding = 4; lastKnownFileType = sourcecode.c.h; name = MGTwitterEngineDelegate.h; path = ../MGTwitterEngine/MGTwitterEngineDelegate.h; sourceTree = SOURCE_ROOT; };
		03F7F33B118C5D5A00CE6E55 /* MGTwitterEngineGlobalHeader.h */ = {isa = PBXFileReference; fileEncoding = 4; lastKnownFileType = sourcecode.c.h; name = MGTwitterEngineGlobalHeader.h; path = ../MGTwitterEngine/MGTwitterEngineGlobalHeader.h; sourceTree = SOURCE_ROOT; };
		03F7F33C118C5D5A00CE6E55 /* MGTwitterHTTPURLConnection.h */ = {isa = PBXFileReference; fileEncoding = 4; lastKnownFileType = sourcecode.c.h; name = MGTwitterHTTPURLConnection.h; path = ../MGTwitterEngine/MGTwitterHTTPURLConnection.h; sourceTree = SOURCE_ROOT; };
		03F7F33D118C5D5A00CE6E55 /* MGTwitterHTTPURLConnection.m */ = {isa = PBXFileReference; fileEncoding = 4; lastKnownFileType = sourcecode.c.objc; name = MGTwitterHTTPURLConnection.m; path = ../MGTwitterEngine/MGTwitterHTTPURLConnection.m; sourceTree = SOURCE_ROOT; };
		03F7F33E118C5D5A00CE6E55 /* MGTwitterLibXMLParser.h */ = {isa = PBXFileReference; fileEncoding = 4; lastKnownFileType = sourcecode.c.h; name = MGTwitterLibXMLParser.h; path = ../MGTwitterEngine/MGTwitterLibXMLParser.h; sourceTree = SOURCE_ROOT; };
		03F7F33F118C5D5A00CE6E55 /* MGTwitterLibXMLParser.m */ = {isa = PBXFileReference; fileEncoding = 4; lastKnownFileType = sourcecode.c.objc; name = MGTwitterLibXMLParser.m; path = ../MGTwitterEngine/MGTwitterLibXMLParser.m; sourceTree = SOURCE_ROOT; };
		03F7F340118C5D5A00CE6E55 /* MGTwitterMessagesLibXMLParser.h */ = {isa = PBXFileReference; fileEncoding = 4; lastKnownFileType = sourcecode.c.h; name = MGTwitterMessagesLibXMLParser.h; path = ../MGTwitterEngine/MGTwitterMessagesLibXMLParser.h; sourceTree = SOURCE_ROOT; };
		03F7F341118C5D5A00CE6E55 /* MGTwitterMessagesLibXMLParser.m */ = {isa = PBXFileReference; fileEncoding = 4; lastKnownFileType = sourcecode.c.objc; name = MGTwitterMessagesLibXMLParser.m; path = ../MGTwitterEngine/MGTwitterMessagesLibXMLParser.m; sourceTree = SOURCE_ROOT; };
		03F7F342118C5D5A00CE6E55 /* MGTwitterMessagesParser.h */ = {isa = PBXFileReference; fileEncoding = 4; lastKnownFileType = sourcecode.c.h; name = MGTwitterMessagesParser.h; path = ../MGTwitterEngine/MGTwitterMessagesParser.h; sourceTree = SOURCE_ROOT; };
		03F7F343118C5D5A00CE6E55 /* MGTwitterMessagesParser.m */ = {isa = PBXFileReference; fileEncoding = 4; lastKnownFileType = sourcecode.c.objc; name = MGTwitterMessagesParser.m; path = ../MGTwitterEngine/MGTwitterMessagesParser.m; sourceTree = SOURCE_ROOT; };
		03F7F346118C5D5A00CE6E55 /* MGTwitterMiscLibXMLParser.h */ = {isa = PBXFileReference; fileEncoding = 4; lastKnownFileType = sourcecode.c.h; name = MGTwitterMiscLibXMLParser.h; path = ../MGTwitterEngine/MGTwitterMiscLibXMLParser.h; sourceTree = SOURCE_ROOT; };
		03F7F347118C5D5A00CE6E55 /* MGTwitterMiscLibXMLParser.m */ = {isa = PBXFileReference; fileEncoding = 4; lastKnownFileType = sourcecode.c.objc; name = MGTwitterMiscLibXMLParser.m; path = ../MGTwitterEngine/MGTwitterMiscLibXMLParser.m; sourceTree = SOURCE_ROOT; };
		03F7F348118C5D5A00CE6E55 /* MGTwitterMiscParser.h */ = {isa = PBXFileReference; fileEncoding = 4; lastKnownFileType = sourcecode.c.h; name = MGTwitterMiscParser.h; path = ../MGTwitterEngine/MGTwitterMiscParser.h; sourceTree = SOURCE_ROOT; };
		03F7F349118C5D5A00CE6E55 /* MGTwitterMiscParser.m */ = {isa = PBXFileReference; fileEncoding = 4; lastKnownFileType = sourcecode.c.objc; name = MGTwitterMiscParser.m; path = ../MGTwitterEngine/MGTwitterMiscParser.m; sourceTree = SOURCE_ROOT; };
		03F7F34C118C5D5A00CE6E55 /* MGTwitterParserDelegate.h */ = {isa = PBXFileReference; fileEncoding = 4; lastKnownFileType = sourcecode.c.h; name = MGTwitterParserDelegate.h; path = ../MGTwitterEngine/MGTwitterParserDelegate.h; sourceTree = SOURCE_ROOT; };
		03F7F34D118C5D5A00CE6E55 /* MGTwitterRequestTypes.h */ = {isa = PBXFileReference; fileEncoding = 4; lastKnownFileType = sourcecode.c.h; name = MGTwitterRequestTypes.h; path = ../MGTwitterEngine/MGTwitterRequestTypes.h; sourceTree = SOURCE_ROOT; };
		03F7F350118C5D5A00CE6E55 /* MGTwitterSocialGraphLibXMLParser.h */ = {isa = PBXFileReference; fileEncoding = 4; lastKnownFileType = sourcecode.c.h; name = MGTwitterSocialGraphLibXMLParser.h; path = ../MGTwitterEngine/MGTwitterSocialGraphLibXMLParser.h; sourceTree = SOURCE_ROOT; };
		03F7F351118C5D5A00CE6E55 /* MGTwitterSocialGraphLibXMLParser.m */ = {isa = PBXFileReference; fileEncoding = 4; lastKnownFileType = sourcecode.c.objc; name = MGTwitterSocialGraphLibXMLParser.m; path = ../MGTwitterEngine/MGTwitterSocialGraphLibXMLParser.m; sourceTree = SOURCE_ROOT; };
		03F7F352118C5D5A00CE6E55 /* MGTwitterSocialGraphParser.h */ = {isa = PBXFileReference; fileEncoding = 4; lastKnownFileType = sourcecode.c.h; name = MGTwitterSocialGraphParser.h; path = ../MGTwitterEngine/MGTwitterSocialGraphParser.h; sourceTree = SOURCE_ROOT; };
		03F7F353118C5D5A00CE6E55 /* MGTwitterSocialGraphParser.m */ = {isa = PBXFileReference; fileEncoding = 4; lastKnownFileType = sourcecode.c.objc; name = MGTwitterSocialGraphParser.m; path = ../MGTwitterEngine/MGTwitterSocialGraphParser.m; sourceTree = SOURCE_ROOT; };
		03F7F354118C5D5A00CE6E55 /* MGTwitterStatusesLibXMLParser.h */ = {isa = PBXFileReference; fileEncoding = 4; lastKnownFileType = sourcecode.c.h; name = MGTwitterStatusesLibXMLParser.h; path = ../MGTwitterEngine/MGTwitterStatusesLibXMLParser.h; sourceTree = SOURCE_ROOT; };
		03F7F355118C5D5A00CE6E55 /* MGTwitterStatusesLibXMLParser.m */ = {isa = PBXFileReference; fileEncoding = 4; lastKnownFileType = sourcecode.c.objc; name = MGTwitterStatusesLibXMLParser.m; path = ../MGTwitterEngine/MGTwitterStatusesLibXMLParser.m; sourceTree = SOURCE_ROOT; };
		03F7F356118C5D5A00CE6E55 /* MGTwitterStatusesParser.h */ = {isa = PBXFileReference; fileEncoding = 4; lastKnownFileType = sourcecode.c.h; name = MGTwitterStatusesParser.h; path = ../MGTwitterEngine/MGTwitterStatusesParser.h; sourceTree = SOURCE_ROOT; };
		03F7F357118C5D5A00CE6E55 /* MGTwitterStatusesParser.m */ = {isa = PBXFileReference; fileEncoding = 4; lastKnownFileType = sourcecode.c.objc; name = MGTwitterStatusesParser.m; path = ../MGTwitterEngine/MGTwitterStatusesParser.m; sourceTree = SOURCE_ROOT; };
		03F7F35A118C5D5A00CE6E55 /* MGTwitterUsersLibXMLParser.h */ = {isa = PBXFileReference; fileEncoding = 4; lastKnownFileType = sourcecode.c.h; name = MGTwitterUsersLibXMLParser.h; path = ../MGTwitterEngine/MGTwitterUsersLibXMLParser.h; sourceTree = SOURCE_ROOT; };
		03F7F35B118C5D5A00CE6E55 /* MGTwitterUsersLibXMLParser.m */ = {isa = PBXFileReference; fileEncoding = 4; lastKnownFileType = sourcecode.c.objc; name = MGTwitterUsersLibXMLParser.m; path = ../MGTwitterEngine/MGTwitterUsersLibXMLParser.m; sourceTree = SOURCE_ROOT; };
		03F7F35C118C5D5A00CE6E55 /* MGTwitterUsersParser.h */ = {isa = PBXFileReference; fileEncoding = 4; lastKnownFileType = sourcecode.c.h; name = MGTwitterUsersParser.h; path = ../MGTwitterEngine/MGTwitterUsersParser.h; sourceTree = SOURCE_ROOT; };
		03F7F35D118C5D5A00CE6E55 /* MGTwitterUsersParser.m */ = {isa = PBXFileReference; fileEncoding = 4; lastKnownFileType = sourcecode.c.objc; name = MGTwitterUsersParser.m; path = ../MGTwitterEngine/MGTwitterUsersParser.m; sourceTree = SOURCE_ROOT; };
		03F7F360118C5D5A00CE6E55 /* MGTwitterXMLParser.h */ = {isa = PBXFileReference; fileEncoding = 4; lastKnownFileType = sourcecode.c.h; name = MGTwitterXMLParser.h; path = ../MGTwitterEngine/MGTwitterXMLParser.h; sourceTree = SOURCE_ROOT; };
		03F7F361118C5D5A00CE6E55 /* MGTwitterXMLParser.m */ = {isa = PBXFileReference; fileEncoding = 4; lastKnownFileType = sourcecode.c.objc; name = MGTwitterXMLParser.m; path = ../MGTwitterEngine/MGTwitterXMLParser.m; sourceTree = SOURCE_ROOT; };
		03F7F364118C5D5A00CE6E55 /* NSData+Base64.h */ = {isa = PBXFileReference; fileEncoding = 4; lastKnownFileType = sourcecode.c.h; name = "NSData+Base64.h"; path = "../MGTwitterEngine/NSData+Base64.h"; sourceTree = SOURCE_ROOT; };
		03F7F365118C5D5A00CE6E55 /* NSData+Base64.m */ = {isa = PBXFileReference; fileEncoding = 4; lastKnownFileType = sourcecode.c.objc; name = "NSData+Base64.m"; path = "../MGTwitterEngine/NSData+Base64.m"; sourceTree = SOURCE_ROOT; };
		03F7F366118C5D5A00CE6E55 /* NSString+UUID.h */ = {isa = PBXFileReference; fileEncoding = 4; lastKnownFileType = sourcecode.c.h; name = "NSString+UUID.h"; path = "../MGTwitterEngine/NSString+UUID.h"; sourceTree = SOURCE_ROOT; };
		03F7F367118C5D5A00CE6E55 /* NSString+UUID.m */ = {isa = PBXFileReference; fileEncoding = 4; lastKnownFileType = sourcecode.c.objc; name = "NSString+UUID.m"; path = "../MGTwitterEngine/NSString+UUID.m"; sourceTree = SOURCE_ROOT; };
		089C165DFE840E0CC02AAC07 /* English */ = {isa = PBXFileReference; fileEncoding = 10; lastKnownFileType = text.plist.strings; name = English; path = English.lproj/InfoPlist.strings; sourceTree = "<group>"; };
		1058C7A1FEA54F0111CA2CBB /* Cocoa.framework */ = {isa = PBXFileReference; lastKnownFileType = wrapper.framework; name = Cocoa.framework; path = /System/Library/Frameworks/Cocoa.framework; sourceTree = "<absolute>"; };
		29B97316FDCFA39411CA2CEA /* main.m */ = {isa = PBXFileReference; fileEncoding = 4; lastKnownFileType = sourcecode.c.objc; path = main.m; sourceTree = "<group>"; };
		29B97324FDCFA39411CA2CEA /* AppKit.framework */ = {isa = PBXFileReference; lastKnownFileType = wrapper.framework; name = AppKit.framework; path = /System/Library/Frameworks/AppKit.framework; sourceTree = "<absolute>"; };
		29B97325FDCFA39411CA2CEA /* Foundation.framework */ = {isa = PBXFileReference; lastKnownFileType = wrapper.framework; name = Foundation.framework; path = /System/Library/Frameworks/Foundation.framework; sourceTree = "<absolute>"; };
		2F7446980DB6B7EA00F9684A /* English */ = {isa = PBXFileReference; lastKnownFileType = file.xib; name = English; path = English.lproj/MainMenu.xib; sourceTree = "<group>"; };
		32CA4F630368D1EE00C91783 /* TwitHunter_Prefix.pch */ = {isa = PBXFileReference; fileEncoding = 4; lastKnownFileType = sourcecode.c.h; path = TwitHunter_Prefix.pch; sourceTree = "<group>"; };
		770B37EC0679A11B001EADE2 /* TwitHunter_DataModel.xcdatamodel */ = {isa = PBXFileReference; fileEncoding = 4; lastKnownFileType = wrapper.xcdatamodel; path = TwitHunter_DataModel.xcdatamodel; sourceTree = "<group>"; };
		77C82804067257F0000B614F /* CoreData.framework */ = {isa = PBXFileReference; lastKnownFileType = wrapper.framework; name = CoreData.framework; path = /System/Library/Frameworks/CoreData.framework; sourceTree = "<absolute>"; };
		77C8280B06725ACE000B614F /* TwitHunter_AppDelegate.h */ = {isa = PBXFileReference; fileEncoding = 4; lastKnownFileType = sourcecode.c.h; path = TwitHunter_AppDelegate.h; sourceTree = "<group>"; };
		77C8280C06725ACE000B614F /* TwitHunter_AppDelegate.m */ = {isa = PBXFileReference; fileEncoding = 4; lastKnownFileType = sourcecode.c.objc; path = TwitHunter_AppDelegate.m; sourceTree = "<group>"; };
		8D1107310486CEB800E47090 /* Info.plist */ = {isa = PBXFileReference; fileEncoding = 4; lastKnownFileType = text.plist; path = Info.plist; sourceTree = "<group>"; };
		8D1107320486CEB800E47090 /* TwitHunter.app */ = {isa = PBXFileReference; explicitFileType = wrapper.application; includeInIndex = 0; path = TwitHunter.app; sourceTree = BUILT_PRODUCTS_DIR; };
/* End PBXFileReference section */

/* Begin PBXFrameworksBuildPhase section */
		8D11072E0486CEB800E47090 /* Frameworks */ = {
			isa = PBXFrameworksBuildPhase;
			buildActionMask = 2147483647;
			files = (
				8D11072F0486CEB800E47090 /* Cocoa.framework in Frameworks */,
				033595590F9AAF430084F7BD /* libxml2.dylib in Frameworks */,
			);
			runOnlyForDeploymentPostprocessing = 0;
		};
/* End PBXFrameworksBuildPhase section */

/* Begin PBXGroup section */
		033599490F9CC3A80084F7BD /* View */ = {
			isa = PBXGroup;
			children = (
				033599280F9CC2500084F7BD /* TweetView.h */,
				033599290F9CC2500084F7BD /* TweetView.m */,
				03359D180F9D09190084F7BD /* TweetCollectionViewItem.h */,
				03359D190F9D09190084F7BD /* TweetCollectionViewItem.m */,
			);
			name = View;
			sourceTree = "<group>";
		};
		03F7F332118C5D2C00CE6E55 /* MGTwitterEngine */ = {
			isa = PBXGroup;
			children = (
				03F7F338118C5D5A00CE6E55 /* MGTwitterEngine.h */,
				03F7F339118C5D5A00CE6E55 /* MGTwitterEngine.m */,
				03F7F33A118C5D5A00CE6E55 /* MGTwitterEngineDelegate.h */,
				03F7F33B118C5D5A00CE6E55 /* MGTwitterEngineGlobalHeader.h */,
				03F7F33C118C5D5A00CE6E55 /* MGTwitterHTTPURLConnection.h */,
				03F7F33D118C5D5A00CE6E55 /* MGTwitterHTTPURLConnection.m */,
				03F7F33E118C5D5A00CE6E55 /* MGTwitterLibXMLParser.h */,
				03F7F33F118C5D5A00CE6E55 /* MGTwitterLibXMLParser.m */,
				03F7F340118C5D5A00CE6E55 /* MGTwitterMessagesLibXMLParser.h */,
				03F7F341118C5D5A00CE6E55 /* MGTwitterMessagesLibXMLParser.m */,
				03F7F342118C5D5A00CE6E55 /* MGTwitterMessagesParser.h */,
				03F7F343118C5D5A00CE6E55 /* MGTwitterMessagesParser.m */,
				03F7F346118C5D5A00CE6E55 /* MGTwitterMiscLibXMLParser.h */,
				03F7F347118C5D5A00CE6E55 /* MGTwitterMiscLibXMLParser.m */,
				03F7F348118C5D5A00CE6E55 /* MGTwitterMiscParser.h */,
				03F7F349118C5D5A00CE6E55 /* MGTwitterMiscParser.m */,
				03F7F34C118C5D5A00CE6E55 /* MGTwitterParserDelegate.h */,
				03F7F34D118C5D5A00CE6E55 /* MGTwitterRequestTypes.h */,
				03F7F350118C5D5A00CE6E55 /* MGTwitterSocialGraphLibXMLParser.h */,
				03F7F351118C5D5A00CE6E55 /* MGTwitterSocialGraphLibXMLParser.m */,
				03F7F352118C5D5A00CE6E55 /* MGTwitterSocialGraphParser.h */,
				03F7F353118C5D5A00CE6E55 /* MGTwitterSocialGraphParser.m */,
				03F7F354118C5D5A00CE6E55 /* MGTwitterStatusesLibXMLParser.h */,
				03F7F355118C5D5A00CE6E55 /* MGTwitterStatusesLibXMLParser.m */,
				03F7F356118C5D5A00CE6E55 /* MGTwitterStatusesParser.h */,
				03F7F357118C5D5A00CE6E55 /* MGTwitterStatusesParser.m */,
				03F7F35A118C5D5A00CE6E55 /* MGTwitterUsersLibXMLParser.h */,
				03F7F35B118C5D5A00CE6E55 /* MGTwitterUsersLibXMLParser.m */,
				03F7F35C118C5D5A00CE6E55 /* MGTwitterUsersParser.h */,
				03F7F35D118C5D5A00CE6E55 /* MGTwitterUsersParser.m */,
				03F7F360118C5D5A00CE6E55 /* MGTwitterXMLParser.h */,
				03F7F361118C5D5A00CE6E55 /* MGTwitterXMLParser.m */,
				03F7F364118C5D5A00CE6E55 /* NSData+Base64.h */,
				03F7F365118C5D5A00CE6E55 /* NSData+Base64.m */,
				03F7F366118C5D5A00CE6E55 /* NSString+UUID.h */,
				03F7F367118C5D5A00CE6E55 /* NSString+UUID.m */,
			);
			name = MGTwitterEngine;
			sourceTree = "<group>";
		};
		080E96DDFE201D6D7F000001 /* Classes */ = {
			isa = PBXGroup;
			children = (
				030F24AE0FB1C6CF0026C436 /* NSString+TH.h */,
				030F24AF0FB1C6CF0026C436 /* NSString+TH.m */,
				77C8280B06725ACE000B614F /* TwitHunter_AppDelegate.h */,
				77C8280C06725ACE000B614F /* TwitHunter_AppDelegate.m */,
				033595900F9AB5180084F7BD /* THController.h */,
				033595910F9AB5180084F7BD /* THController.m */,
			);
			name = Classes;
			sourceTree = "<group>";
		};
		1058C7A0FEA54F0111CA2CBB /* Linked Frameworks */ = {
			isa = PBXGroup;
			children = (
				033595580F9AAF430084F7BD /* libxml2.dylib */,
				1058C7A1FEA54F0111CA2CBB /* Cocoa.framework */,
			);
			name = "Linked Frameworks";
			sourceTree = "<group>";
		};
		1058C7A2FEA54F0111CA2CBB /* Other Frameworks */ = {
			isa = PBXGroup;
			children = (
				77C82804067257F0000B614F /* CoreData.framework */,
				29B97325FDCFA39411CA2CEA /* Foundation.framework */,
				29B97324FDCFA39411CA2CEA /* AppKit.framework */,
			);
			name = "Other Frameworks";
			sourceTree = "<group>";
		};
		19C28FACFE9D520D11CA2CBB /* Products */ = {
			isa = PBXGroup;
			children = (
				8D1107320486CEB800E47090 /* TwitHunter.app */,
			);
			name = Products;
			sourceTree = "<group>";
		};
		29B97314FDCFA39411CA2CEA /* TwitHunter */ = {
			isa = PBXGroup;
			children = (
				030F20520FA9FB7F0026C436 /* README.markdown */,
				03F7F332118C5D2C00CE6E55 /* MGTwitterEngine */,
				033599490F9CC3A80084F7BD /* View */,
				080E96DDFE201D6D7F000001 /* Classes */,
				7756732906782D8800D1FEB8 /* Models */,
				29B97315FDCFA39411CA2CEA /* Other Sources */,
				29B97317FDCFA39411CA2CEA /* Resources */,
				29B97323FDCFA39411CA2CEA /* Frameworks */,
				19C28FACFE9D520D11CA2CBB /* Products */,
			);
			name = TwitHunter;
			sourceTree = "<group>";
		};
		29B97315FDCFA39411CA2CEA /* Other Sources */ = {
			isa = PBXGroup;
			children = (
				32CA4F630368D1EE00C91783 /* TwitHunter_Prefix.pch */,
				29B97316FDCFA39411CA2CEA /* main.m */,
			);
			name = "Other Sources";
			sourceTree = "<group>";
		};
		29B97317FDCFA39411CA2CEA /* Resources */ = {
			isa = PBXGroup;
			children = (
				8D1107310486CEB800E47090 /* Info.plist */,
				089C165CFE840E0CC02AAC07 /* InfoPlist.strings */,
				2F7446970DB6B7EA00F9684A /* MainMenu.xib */,
				03359F1B0F9D412A0084F7BD /* Defaults.plist */,
			);
			name = Resources;
			sourceTree = "<group>";
		};
		29B97323FDCFA39411CA2CEA /* Frameworks */ = {
			isa = PBXGroup;
			children = (
				1058C7A0FEA54F0111CA2CBB /* Linked Frameworks */,
				1058C7A2FEA54F0111CA2CBB /* Other Frameworks */,
			);
			name = Frameworks;
			sourceTree = "<group>";
		};
		7756732906782D8800D1FEB8 /* Models */ = {
			isa = PBXGroup;
			children = (
				033596820F9BF7DE0084F7BD /* NSManagedObject+TH.h */,
				033596830F9BF7DE0084F7BD /* NSManagedObject+TH.m */,
				039B77E90F9F2C99009A0C57 /* Tweet.h */,
				039B77EA0F9F2C99009A0C57 /* Tweet.m */,
				03359F750F9D48F20084F7BD /* TextRule.h */,
				03359F760F9D48F20084F7BD /* TextRule.m */,
				033596310F9B9AF30084F7BD /* User.h */,
				033596320F9B9AF30084F7BD /* User.m */,
				770B37EC0679A11B001EADE2 /* TwitHunter_DataModel.xcdatamodel */,
			);
			name = Models;
			sourceTree = "<group>";
		};
/* End PBXGroup section */

/* Begin PBXNativeTarget section */
		8D1107260486CEB800E47090 /* TwitHunter */ = {
			isa = PBXNativeTarget;
			buildConfigurationList = 26FC0A840875C7B200E6366F /* Build configuration list for PBXNativeTarget "TwitHunter" */;
			buildPhases = (
				8D1107290486CEB800E47090 /* Resources */,
				8D11072C0486CEB800E47090 /* Sources */,
				8D11072E0486CEB800E47090 /* Frameworks */,
			);
			buildRules = (
			);
			dependencies = (
			);
			name = TwitHunter;
			productInstallPath = "$(HOME)/Applications";
			productName = TwitHunter;
			productReference = 8D1107320486CEB800E47090 /* TwitHunter.app */;
			productType = "com.apple.product-type.application";
		};
/* End PBXNativeTarget section */

/* Begin PBXProject section */
		29B97313FDCFA39411CA2CEA /* Project object */ = {
			isa = PBXProject;
			attributes = {
				ORGANIZATIONNAME = seriot.ch;
			};
			buildConfigurationList = 26FC0A880875C7B200E6366F /* Build configuration list for PBXProject "TwitHunter" */;
			compatibilityVersion = "Xcode 3.1";
			hasScannedForEncodings = 1;
			mainGroup = 29B97314FDCFA39411CA2CEA /* TwitHunter */;
			projectDirPath = "";
			projectRoot = "";
			targets = (
				8D1107260486CEB800E47090 /* TwitHunter */,
			);
		};
/* End PBXProject section */

/* Begin PBXResourcesBuildPhase section */
		8D1107290486CEB800E47090 /* Resources */ = {
			isa = PBXResourcesBuildPhase;
			buildActionMask = 2147483647;
			files = (
				8D11072B0486CEB800E47090 /* InfoPlist.strings in Resources */,
				2F7446990DB6B7EA00F9684A /* MainMenu.xib in Resources */,
				03359F1C0F9D412A0084F7BD /* Defaults.plist in Resources */,
				030F20530FA9FB7F0026C436 /* README.markdown in Resources */,
			);
			runOnlyForDeploymentPostprocessing = 0;
		};
/* End PBXResourcesBuildPhase section */

/* Begin PBXSourcesBuildPhase section */
		8D11072C0486CEB800E47090 /* Sources */ = {
			isa = PBXSourcesBuildPhase;
			buildActionMask = 2147483647;
			files = (
				8D11072D0486CEB800E47090 /* main.m in Sources */,
				77C8280E06725ACE000B614F /* TwitHunter_AppDelegate.m in Sources */,
				770B37ED0679A11B001EADE2 /* TwitHunter_DataModel.xcdatamodel in Sources */,
				033595920F9AB5180084F7BD /* THController.m in Sources */,
				033596340F9B9AF30084F7BD /* User.m in Sources */,
				033596840F9BF7DE0084F7BD /* NSManagedObject+TH.m in Sources */,
				0335992A0F9CC2500084F7BD /* TweetView.m in Sources */,
				03359D1A0F9D09190084F7BD /* TweetCollectionViewItem.m in Sources */,
				03359F790F9D48F20084F7BD /* TextRule.m in Sources */,
				039B77EB0F9F2C99009A0C57 /* Tweet.m in Sources */,
				030F24B00FB1C6CF0026C436 /* NSString+TH.m in Sources */,
				03F7F368118C5D5A00CE6E55 /* MGTwitterEngine.m in Sources */,
				03F7F369118C5D5A00CE6E55 /* MGTwitterHTTPURLConnection.m in Sources */,
				03F7F36A118C5D5A00CE6E55 /* MGTwitterLibXMLParser.m in Sources */,
				03F7F36B118C5D5A00CE6E55 /* MGTwitterMessagesLibXMLParser.m in Sources */,
				03F7F36C118C5D5A00CE6E55 /* MGTwitterMessagesParser.m in Sources */,
				03F7F36E118C5D5A00CE6E55 /* MGTwitterMiscLibXMLParser.m in Sources */,
				03F7F36F118C5D5A00CE6E55 /* MGTwitterMiscParser.m in Sources */,
				03F7F372118C5D5A00CE6E55 /* MGTwitterSocialGraphLibXMLParser.m in Sources */,
				03F7F373118C5D5A00CE6E55 /* MGTwitterSocialGraphParser.m in Sources */,
				03F7F374118C5D5A00CE6E55 /* MGTwitterStatusesLibXMLParser.m in Sources */,
				03F7F375118C5D5A00CE6E55 /* MGTwitterStatusesParser.m in Sources */,
				03F7F377118C5D5A00CE6E55 /* MGTwitterUsersLibXMLParser.m in Sources */,
				03F7F378118C5D5A00CE6E55 /* MGTwitterUsersParser.m in Sources */,
				03F7F37A118C5D5A00CE6E55 /* MGTwitterXMLParser.m in Sources */,
				03F7F37C118C5D5A00CE6E55 /* NSData+Base64.m in Sources */,
				03F7F37D118C5D5A00CE6E55 /* NSString+UUID.m in Sources */,
			);
			runOnlyForDeploymentPostprocessing = 0;
		};
/* End PBXSourcesBuildPhase section */

/* Begin PBXVariantGroup section */
		089C165CFE840E0CC02AAC07 /* InfoPlist.strings */ = {
			isa = PBXVariantGroup;
			children = (
				089C165DFE840E0CC02AAC07 /* English */,
			);
			name = InfoPlist.strings;
			sourceTree = "<group>";
		};
		2F7446970DB6B7EA00F9684A /* MainMenu.xib */ = {
			isa = PBXVariantGroup;
			children = (
				2F7446980DB6B7EA00F9684A /* English */,
			);
			name = MainMenu.xib;
			sourceTree = "<group>";
		};
/* End PBXVariantGroup section */

/* Begin XCBuildConfiguration section */
		26FC0A850875C7B200E6366F /* Debug */ = {
			isa = XCBuildConfiguration;
			buildSettings = {
				COPY_PHASE_STRIP = NO;
				GCC_DYNAMIC_NO_PIC = NO;
				GCC_ENABLE_FIX_AND_CONTINUE = YES;
				GCC_ENABLE_OBJC_EXCEPTIONS = YES;
				GCC_MODEL_TUNING = G5;
				GCC_OPTIMIZATION_LEVEL = 0;
				GCC_PRECOMPILE_PREFIX_HEADER = YES;
				GCC_PREFIX_HEADER = TwitHunter_Prefix.pch;
				INFOPLIST_FILE = Info.plist;
				INSTALL_PATH = "$(HOME)/Applications";
				PRODUCT_NAME = TwitHunter;
				WRAPPER_EXTENSION = app;
			};
			name = Debug;
		};
		26FC0A860875C7B200E6366F /* Release */ = {
			isa = XCBuildConfiguration;
			buildSettings = {
				DEBUG_INFORMATION_FORMAT = "dwarf-with-dsym";
				GCC_ENABLE_OBJC_EXCEPTIONS = YES;
				GCC_MODEL_TUNING = G5;
				GCC_PRECOMPILE_PREFIX_HEADER = YES;
				GCC_PREFIX_HEADER = TwitHunter_Prefix.pch;
				INFOPLIST_FILE = Info.plist;
				INSTALL_PATH = "$(HOME)/Applications";
				PRODUCT_NAME = TwitHunter;
				WRAPPER_EXTENSION = app;
			};
			name = Release;
		};
		26FC0A890875C7B200E6366F /* Debug */ = {
			isa = XCBuildConfiguration;
			buildSettings = {
				ARCHS = "$(ARCHS_STANDARD_32_BIT)";
				GCC_C_LANGUAGE_STANDARD = c99;
				GCC_WARN_ABOUT_RETURN_TYPE = YES;
				GCC_WARN_UNUSED_VARIABLE = YES;
				HEADER_SEARCH_PATHS = /usr/include/libxml2;
				ONLY_ACTIVE_ARCH = YES;
				PREBINDING = NO;
				SDKROOT = macosx10.5;
			};
			name = Debug;
		};
		26FC0A8A0875C7B200E6366F /* Release */ = {
			isa = XCBuildConfiguration;
			buildSettings = {
				ARCHS = "$(ARCHS_STANDARD_32_BIT)";
				GCC_C_LANGUAGE_STANDARD = c99;
				GCC_WARN_ABOUT_RETURN_TYPE = YES;
				GCC_WARN_UNUSED_VARIABLE = YES;
				HEADER_SEARCH_PATHS = /usr/include/libxml2;
				PREBINDING = NO;
				SDKROOT = macosx10.5;
			};
			name = Release;
		};
/* End XCBuildConfiguration section */

/* Begin XCConfigurationList section */
		26FC0A840875C7B200E6366F /* Build configuration list for PBXNativeTarget "TwitHunter" */ = {
			isa = XCConfigurationList;
			buildConfigurations = (
				26FC0A850875C7B200E6366F /* Debug */,
				26FC0A860875C7B200E6366F /* Release */,
			);
			defaultConfigurationIsVisible = 0;
			defaultConfigurationName = Debug;
		};
		26FC0A880875C7B200E6366F /* Build configuration list for PBXProject "TwitHunter" */ = {
			isa = XCConfigurationList;
			buildConfigurations = (
				26FC0A890875C7B200E6366F /* Debug */,
				26FC0A8A0875C7B200E6366F /* Release */,
			);
			defaultConfigurationIsVisible = 0;
			defaultConfigurationName = Debug;
		};
/* End XCConfigurationList section */
	};
	rootObject = 29B97313FDCFA39411CA2CEA /* Project object */;
}
