// !$*UTF8*$!
{
	archiveVersion = 1;
	classes = {
	};
	objectVersion = 45;
	objects = {

/* Begin PBXBuildFile section */
		0335953B0F9AAED00084F7BD /* MGTwitterEngine.m in Sources */ = {isa = PBXBuildFile; fileRef = 0335950F0F9AAED00084F7BD /* MGTwitterEngine.m */; };
		0335953C0F9AAED00084F7BD /* MGTwitterHTTPURLConnection.m in Sources */ = {isa = PBXBuildFile; fileRef = 033595140F9AAED00084F7BD /* MGTwitterHTTPURLConnection.m */; };
		0335953D0F9AAED00084F7BD /* MGTwitterLibXMLParser.m in Sources */ = {isa = PBXBuildFile; fileRef = 033595160F9AAED00084F7BD /* MGTwitterLibXMLParser.m */; };
		0335953E0F9AAED00084F7BD /* MGTwitterMessagesLibXMLParser.m in Sources */ = {isa = PBXBuildFile; fileRef = 033595180F9AAED00084F7BD /* MGTwitterMessagesLibXMLParser.m */; };
		0335953F0F9AAED00084F7BD /* MGTwitterMessagesParser.m in Sources */ = {isa = PBXBuildFile; fileRef = 0335951A0F9AAED00084F7BD /* MGTwitterMessagesParser.m */; };
		033595410F9AAED00084F7BD /* MGTwitterMiscLibXMLParser.m in Sources */ = {isa = PBXBuildFile; fileRef = 0335951E0F9AAED00084F7BD /* MGTwitterMiscLibXMLParser.m */; };
		033595420F9AAED00084F7BD /* MGTwitterMiscParser.m in Sources */ = {isa = PBXBuildFile; fileRef = 033595200F9AAED00084F7BD /* MGTwitterMiscParser.m */; };
		033595450F9AAED00084F7BD /* MGTwitterStatusesLibXMLParser.m in Sources */ = {isa = PBXBuildFile; fileRef = 033595280F9AAED00084F7BD /* MGTwitterStatusesLibXMLParser.m */; };
		033595460F9AAED00084F7BD /* MGTwitterStatusesParser.m in Sources */ = {isa = PBXBuildFile; fileRef = 0335952A0F9AAED00084F7BD /* MGTwitterStatusesParser.m */; };
		033595480F9AAED00084F7BD /* MGTwitterUsersLibXMLParser.m in Sources */ = {isa = PBXBuildFile; fileRef = 0335952E0F9AAED00084F7BD /* MGTwitterUsersLibXMLParser.m */; };
		033595490F9AAED00084F7BD /* MGTwitterUsersParser.m in Sources */ = {isa = PBXBuildFile; fileRef = 033595300F9AAED00084F7BD /* MGTwitterUsersParser.m */; };
		0335954B0F9AAED00084F7BD /* MGTwitterXMLParser.m in Sources */ = {isa = PBXBuildFile; fileRef = 033595340F9AAED00084F7BD /* MGTwitterXMLParser.m */; };
		0335954D0F9AAED00084F7BD /* NSData+Base64.m in Sources */ = {isa = PBXBuildFile; fileRef = 033595380F9AAED00084F7BD /* NSData+Base64.m */; };
		0335954E0F9AAED00084F7BD /* NSString+UUID.m in Sources */ = {isa = PBXBuildFile; fileRef = 0335953A0F9AAED00084F7BD /* NSString+UUID.m */; };
		033595590F9AAF430084F7BD /* libxml2.dylib in Frameworks */ = {isa = PBXBuildFile; fileRef = 033595580F9AAF430084F7BD /* libxml2.dylib */; };
		033595920F9AB5180084F7BD /* THController.m in Sources */ = {isa = PBXBuildFile; fileRef = 033595910F9AB5180084F7BD /* THController.m */; };
		033596340F9B9AF30084F7BD /* User.m in Sources */ = {isa = PBXBuildFile; fileRef = 033596320F9B9AF30084F7BD /* User.m */; };
		033596840F9BF7DE0084F7BD /* NSManagedObject+TH.m in Sources */ = {isa = PBXBuildFile; fileRef = 033596830F9BF7DE0084F7BD /* NSManagedObject+TH.m */; };
		0335992A0F9CC2500084F7BD /* TweetView.m in Sources */ = {isa = PBXBuildFile; fileRef = 033599290F9CC2500084F7BD /* TweetView.m */; };
		03359D1A0F9D09190084F7BD /* TweetCollectionViewItem.m in Sources */ = {isa = PBXBuildFile; fileRef = 03359D190F9D09190084F7BD /* TweetCollectionViewItem.m */; };
		03359F1C0F9D412A0084F7BD /* Defaults.plist in Resources */ = {isa = PBXBuildFile; fileRef = 03359F1B0F9D412A0084F7BD /* Defaults.plist */; };
		03359F790F9D48F20084F7BD /* TextRule.m in Sources */ = {isa = PBXBuildFile; fileRef = 03359F760F9D48F20084F7BD /* TextRule.m */; };
		039B77EB0F9F2C99009A0C57 /* Tweet.m in Sources */ = {isa = PBXBuildFile; fileRef = 039B77EA0F9F2C99009A0C57 /* Tweet.m */; };
		2F7446990DB6B7EA00F9684A /* MainMenu.xib in Resources */ = {isa = PBXBuildFile; fileRef = 2F7446970DB6B7EA00F9684A /* MainMenu.xib */; };
		770B37ED0679A11B001EADE2 /* TwitHunter_DataModel.xcdatamodel in Sources */ = {isa = PBXBuildFile; fileRef = 770B37EC0679A11B001EADE2 /* TwitHunter_DataModel.xcdatamodel */; };
		77C8280E06725ACE000B614F /* TwitHunter_AppDelegate.m in Sources */ = {isa = PBXBuildFile; fileRef = 77C8280C06725ACE000B614F /* TwitHunter_AppDelegate.m */; };
		8D11072B0486CEB800E47090 /* InfoPlist.strings in Resources */ = {isa = PBXBuildFile; fileRef = 089C165CFE840E0CC02AAC07 /* InfoPlist.strings */; };
		8D11072D0486CEB800E47090 /* main.m in Sources */ = {isa = PBXBuildFile; fileRef = 29B97316FDCFA39411CA2CEA /* main.m */; settings = {ATTRIBUTES = (); }; };
		8D11072F0486CEB800E47090 /* Cocoa.framework in Frameworks */ = {isa = PBXBuildFile; fileRef = 1058C7A1FEA54F0111CA2CBB /* Cocoa.framework */; };
/* End PBXBuildFile section */

/* Begin PBXFileReference section */
		0335950E0F9AAED00084F7BD /* MGTwitterEngine.h */ = {isa = PBXFileReference; fileEncoding = 4; lastKnownFileType = sourcecode.c.h; path = MGTwitterEngine.h; sourceTree = "<group>"; };
		0335950F0F9AAED00084F7BD /* MGTwitterEngine.m */ = {isa = PBXFileReference; fileEncoding = 4; lastKnownFileType = sourcecode.c.objc; path = MGTwitterEngine.m; sourceTree = "<group>"; };
		033595100F9AAED00084F7BD /* MGTwitterEngine_Prefix.pch */ = {isa = PBXFileReference; fileEncoding = 4; lastKnownFileType = sourcecode.c.h; path = MGTwitterEngine_Prefix.pch; sourceTree = "<group>"; };
		033595110F9AAED00084F7BD /* MGTwitterEngineDelegate.h */ = {isa = PBXFileReference; fileEncoding = 4; lastKnownFileType = sourcecode.c.h; path = MGTwitterEngineDelegate.h; sourceTree = "<group>"; };
		033595120F9AAED00084F7BD /* MGTwitterEngineGlobalHeader.h */ = {isa = PBXFileReference; fileEncoding = 4; lastKnownFileType = sourcecode.c.h; path = MGTwitterEngineGlobalHeader.h; sourceTree = "<group>"; };
		033595130F9AAED00084F7BD /* MGTwitterHTTPURLConnection.h */ = {isa = PBXFileReference; fileEncoding = 4; lastKnownFileType = sourcecode.c.h; path = MGTwitterHTTPURLConnection.h; sourceTree = "<group>"; };
		033595140F9AAED00084F7BD /* MGTwitterHTTPURLConnection.m */ = {isa = PBXFileReference; fileEncoding = 4; lastKnownFileType = sourcecode.c.objc; path = MGTwitterHTTPURLConnection.m; sourceTree = "<group>"; };
		033595150F9AAED00084F7BD /* MGTwitterLibXMLParser.h */ = {isa = PBXFileReference; fileEncoding = 4; lastKnownFileType = sourcecode.c.h; path = MGTwitterLibXMLParser.h; sourceTree = "<group>"; };
		033595160F9AAED00084F7BD /* MGTwitterLibXMLParser.m */ = {isa = PBXFileReference; fileEncoding = 4; lastKnownFileType = sourcecode.c.objc; path = MGTwitterLibXMLParser.m; sourceTree = "<group>"; };
		033595170F9AAED00084F7BD /* MGTwitterMessagesLibXMLParser.h */ = {isa = PBXFileReference; fileEncoding = 4; lastKnownFileType = sourcecode.c.h; path = MGTwitterMessagesLibXMLParser.h; sourceTree = "<group>"; };
		033595180F9AAED00084F7BD /* MGTwitterMessagesLibXMLParser.m */ = {isa = PBXFileReference; fileEncoding = 4; lastKnownFileType = sourcecode.c.objc; path = MGTwitterMessagesLibXMLParser.m; sourceTree = "<group>"; };
		033595190F9AAED00084F7BD /* MGTwitterMessagesParser.h */ = {isa = PBXFileReference; fileEncoding = 4; lastKnownFileType = sourcecode.c.h; path = MGTwitterMessagesParser.h; sourceTree = "<group>"; };
		0335951A0F9AAED00084F7BD /* MGTwitterMessagesParser.m */ = {isa = PBXFileReference; fileEncoding = 4; lastKnownFileType = sourcecode.c.objc; path = MGTwitterMessagesParser.m; sourceTree = "<group>"; };
		0335951D0F9AAED00084F7BD /* MGTwitterMiscLibXMLParser.h */ = {isa = PBXFileReference; fileEncoding = 4; lastKnownFileType = sourcecode.c.h; path = MGTwitterMiscLibXMLParser.h; sourceTree = "<group>"; };
		0335951E0F9AAED00084F7BD /* MGTwitterMiscLibXMLParser.m */ = {isa = PBXFileReference; fileEncoding = 4; lastKnownFileType = sourcecode.c.objc; path = MGTwitterMiscLibXMLParser.m; sourceTree = "<group>"; };
		0335951F0F9AAED00084F7BD /* MGTwitterMiscParser.h */ = {isa = PBXFileReference; fileEncoding = 4; lastKnownFileType = sourcecode.c.h; path = MGTwitterMiscParser.h; sourceTree = "<group>"; };
		033595200F9AAED00084F7BD /* MGTwitterMiscParser.m */ = {isa = PBXFileReference; fileEncoding = 4; lastKnownFileType = sourcecode.c.objc; path = MGTwitterMiscParser.m; sourceTree = "<group>"; };
		033595230F9AAED00084F7BD /* MGTwitterParserDelegate.h */ = {isa = PBXFileReference; fileEncoding = 4; lastKnownFileType = sourcecode.c.h; path = MGTwitterParserDelegate.h; sourceTree = "<group>"; };
		033595240F9AAED00084F7BD /* MGTwitterRequestTypes.h */ = {isa = PBXFileReference; fileEncoding = 4; lastKnownFileType = sourcecode.c.h; path = MGTwitterRequestTypes.h; sourceTree = "<group>"; };
		033595270F9AAED00084F7BD /* MGTwitterStatusesLibXMLParser.h */ = {isa = PBXFileReference; fileEncoding = 4; lastKnownFileType = sourcecode.c.h; path = MGTwitterStatusesLibXMLParser.h; sourceTree = "<group>"; };
		033595280F9AAED00084F7BD /* MGTwitterStatusesLibXMLParser.m */ = {isa = PBXFileReference; fileEncoding = 4; lastKnownFileType = sourcecode.c.objc; path = MGTwitterStatusesLibXMLParser.m; sourceTree = "<group>"; };
		033595290F9AAED00084F7BD /* MGTwitterStatusesParser.h */ = {isa = PBXFileReference; fileEncoding = 4; lastKnownFileType = sourcecode.c.h; path = MGTwitterStatusesParser.h; sourceTree = "<group>"; };
		0335952A0F9AAED00084F7BD /* MGTwitterStatusesParser.m */ = {isa = PBXFileReference; fileEncoding = 4; lastKnownFileType = sourcecode.c.objc; path = MGTwitterStatusesParser.m; sourceTree = "<group>"; };
		0335952D0F9AAED00084F7BD /* MGTwitterUsersLibXMLParser.h */ = {isa = PBXFileReference; fileEncoding = 4; lastKnownFileType = sourcecode.c.h; path = MGTwitterUsersLibXMLParser.h; sourceTree = "<group>"; };
		0335952E0F9AAED00084F7BD /* MGTwitterUsersLibXMLParser.m */ = {isa = PBXFileReference; fileEncoding = 4; lastKnownFileType = sourcecode.c.objc; path = MGTwitterUsersLibXMLParser.m; sourceTree = "<group>"; };
		0335952F0F9AAED00084F7BD /* MGTwitterUsersParser.h */ = {isa = PBXFileReference; fileEncoding = 4; lastKnownFileType = sourcecode.c.h; path = MGTwitterUsersParser.h; sourceTree = "<group>"; };
		033595300F9AAED00084F7BD /* MGTwitterUsersParser.m */ = {isa = PBXFileReference; fileEncoding = 4; lastKnownFileType = sourcecode.c.objc; path = MGTwitterUsersParser.m; sourceTree = "<group>"; };
		033595330F9AAED00084F7BD /* MGTwitterXMLParser.h */ = {isa = PBXFileReference; fileEncoding = 4; lastKnownFileType = sourcecode.c.h; path = MGTwitterXMLParser.h; sourceTree = "<group>"; };
		033595340F9AAED00084F7BD /* MGTwitterXMLParser.m */ = {isa = PBXFileReference; fileEncoding = 4; lastKnownFileType = sourcecode.c.objc; path = MGTwitterXMLParser.m; sourceTree = "<group>"; };
		033595370F9AAED00084F7BD /* NSData+Base64.h */ = {isa = PBXFileReference; fileEncoding = 4; lastKnownFileType = sourcecode.c.h; path = "NSData+Base64.h"; sourceTree = "<group>"; };
		033595380F9AAED00084F7BD /* NSData+Base64.m */ = {isa = PBXFileReference; fileEncoding = 4; lastKnownFileType = sourcecode.c.objc; path = "NSData+Base64.m"; sourceTree = "<group>"; };
		033595390F9AAED00084F7BD /* NSString+UUID.h */ = {isa = PBXFileReference; fileEncoding = 4; lastKnownFileType = sourcecode.c.h; path = "NSString+UUID.h"; sourceTree = "<group>"; };
		0335953A0F9AAED00084F7BD /* NSString+UUID.m */ = {isa = PBXFileReference; fileEncoding = 4; lastKnownFileType = sourcecode.c.objc; path = "NSString+UUID.m"; sourceTree = "<group>"; };
		033595580F9AAF430084F7BD /* libxml2.dylib */ = {isa = PBXFileReference; lastKnownFileType = "compiled.mach-o.dylib"; name = libxml2.dylib; path = /usr/lib/libxml2.dylib; sourceTree = "<absolute>"; };
		033595900F9AB5180084F7BD /* THController.h */ = {isa = PBXFileReference; fileEncoding = 4; lastKnownFileType = sourcecode.c.h; path = THController.h; sourceTree = "<group>"; };
		033595910F9AB5180084F7BD /* THController.m */ = {isa = PBXFileReference; fileEncoding = 4; lastKnownFileType = sourcecode.c.objc; path = THController.m; sourceTree = "<group>"; };
		033596310F9B9AF30084F7BD /* User.h */ = {isa = PBXFileReference; fileEncoding = 4; lastKnownFileType = sourcecode.c.h; path = User.h; sourceTree = "<group>"; };
		033596320F9B9AF30084F7BD /* User.m */ = {isa = PBXFileReference; fileEncoding = 4; lastKnownFileType = sourcecode.c.objc; path = User.m; sourceTree = "<group>"; };
		033596820F9BF7DE0084F7BD /* NSManagedObject+TH.h */ = {isa = PBXFileReference; fileEncoding = 4; lastKnownFileType = sourcecode.c.h; path = "NSManagedObject+TH.h"; sourceTree = "<group>"; };
		033596830F9BF7DE0084F7BD /* NSManagedObject+TH.m */ = {isa = PBXFileReference; fileEncoding = 4; lastKnownFileType = sourcecode.c.objc; path = "NSManagedObject+TH.m"; sourceTree = "<group>"; };
		033599280F9CC2500084F7BD /* TweetView.h */ = {isa = PBXFileReference; fileEncoding = 4; lastKnownFileType = sourcecode.c.h; path = TweetView.h; sourceTree = "<group>"; };
		033599290F9CC2500084F7BD /* TweetView.m */ = {isa = PBXFileReference; fileEncoding = 4; lastKnownFileType = sourcecode.c.objc; path = TweetView.m; sourceTree = "<group>"; };
		03359D180F9D09190084F7BD /* TweetCollectionViewItem.h */ = {isa = PBXFileReference; fileEncoding = 4; lastKnownFileType = sourcecode.c.h; path = TweetCollectionViewItem.h; sourceTree = "<group>"; };
		03359D190F9D09190084F7BD /* TweetCollectionViewItem.m */ = {isa = PBXFileReference; fileEncoding = 4; lastKnownFileType = sourcecode.c.objc; path = TweetCollectionViewItem.m; sourceTree = "<group>"; };
		03359F1B0F9D412A0084F7BD /* Defaults.plist */ = {isa = PBXFileReference; fileEncoding = 4; lastKnownFileType = text.plist.xml; path = Defaults.plist; sourceTree = "<group>"; };
		03359F750F9D48F20084F7BD /* TextRule.h */ = {isa = PBXFileReference; fileEncoding = 4; lastKnownFileType = sourcecode.c.h; path = TextRule.h; sourceTree = "<group>"; };
		03359F760F9D48F20084F7BD /* TextRule.m */ = {isa = PBXFileReference; fileEncoding = 4; lastKnownFileType = sourcecode.c.objc; path = TextRule.m; sourceTree = "<group>"; };
		039B77E90F9F2C99009A0C57 /* Tweet.h */ = {isa = PBXFileReference; fileEncoding = 4; lastKnownFileType = sourcecode.c.h; path = Tweet.h; sourceTree = "<group>"; };
		039B77EA0F9F2C99009A0C57 /* Tweet.m */ = {isa = PBXFileReference; fileEncoding = 4; lastKnownFileType = sourcecode.c.objc; path = Tweet.m; sourceTree = "<group>"; };
		089C165DFE840E0CC02AAC07 /* English */ = {isa = PBXFileReference; fileEncoding = 10; lastKnownFileType = text.plist.strings; name = English; path = English.lproj/InfoPlist.strings; sourceTree = "<group>"; };
		1058C7A1FEA54F0111CA2CBB /* Cocoa.framework */ = {isa = PBXFileReference; lastKnownFileType = wrapper.framework; name = Cocoa.framework; path = /System/Library/Frameworks/Cocoa.framework; sourceTree = "<absolute>"; };
		29B97316FDCFA39411CA2CEA /* main.m */ = {isa = PBXFileReference; fileEncoding = 4; lastKnownFileType = sourcecode.c.objc; path = main.m; sourceTree = "<group>"; };
		29B97324FDCFA39411CA2CEA /* AppKit.framework */ = {isa = PBXFileReference; lastKnownFileType = wrapper.framework; name = AppKit.framework; path = /System/Library/Frameworks/AppKit.framework; sourceTree = "<absolute>"; };
		29B97325FDCFA39411CA2CEA /* Foundation.framework */ = {isa = PBXFileReference; lastKnownFileType = wrapper.framework; name = Foundation.framework; path = /System/Library/Frameworks/Foundation.framework; sourceTree = "<absolute>"; };
		2F7446980DB6B7EA00F9684A /* English */ = {isa = PBXFileReference; lastKnownFileType = file.xib; name = English; path = English.lproj/MainMenu.xib; sourceTree = "<group>"; };
		32CA4F630368D1EE00C91783 /* TwitHunter_Prefix.pch */ = {isa = PBXFileReference; fileEncoding = 4; lastKnownFileType = sourcecode.c.h; path = TwitHunter_Prefix.pch; sourceTree = "<group>"; };
		770B37EC0679A11B001EADE2 /* TwitHunter_DataModel.xcdatamodel */ = {isa = PBXFileReference; fileEncoding = 4; lastKnownFileType = wrapper.xcdatamodel; path = TwitHunter_DataModel.xcdatamodel; sourceTree = "<group>"; };
		77C82804067257F0000B614F /* CoreData.framework */ = {isa = PBXFileReference; lastKnownFileType = wrapper.framework; name = CoreData.framework; path = /System/Library/Frameworks/CoreData.framework; sourceTree = "<absolute>"; };
		77C8280B06725ACE000B614F /* TwitHunter_AppDelegate.h */ = {isa = PBXFileReference; fileEncoding = 4; lastKnownFileType = sourcecode.c.h; path = TwitHunter_AppDelegate.h; sourceTree = "<group>"; };
		77C8280C06725ACE000B614F /* TwitHunter_AppDelegate.m */ = {isa = PBXFileReference; fileEncoding = 4; lastKnownFileType = sourcecode.c.objc; path = TwitHunter_AppDelegate.m; sourceTree = "<group>"; };
		8D1107310486CEB800E47090 /* Info.plist */ = {isa = PBXFileReference; fileEncoding = 4; lastKnownFileType = text.plist; path = Info.plist; sourceTree = "<group>"; };
		8D1107320486CEB800E47090 /* TwitHunter.app */ = {isa = PBXFileReference; explicitFileType = wrapper.application; includeInIndex = 0; path = TwitHunter.app; sourceTree = BUILT_PRODUCTS_DIR; };
/* End PBXFileReference section */

/* Begin PBXFrameworksBuildPhase section */
		8D11072E0486CEB800E47090 /* Frameworks */ = {
			isa = PBXFrameworksBuildPhase;
			buildActionMask = 2147483647;
			files = (
				8D11072F0486CEB800E47090 /* Cocoa.framework in Frameworks */,
				033595590F9AAF430084F7BD /* libxml2.dylib in Frameworks */,
			);
			runOnlyForDeploymentPostprocessing = 0;
		};
/* End PBXFrameworksBuildPhase section */

/* Begin PBXGroup section */
		0335950D0F9AAED00084F7BD /* MGTwitterEngine */ = {
			isa = PBXGroup;
			children = (
				0335950E0F9AAED00084F7BD /* MGTwitterEngine.h */,
				0335950F0F9AAED00084F7BD /* MGTwitterEngine.m */,
				033595100F9AAED00084F7BD /* MGTwitterEngine_Prefix.pch */,
				033595110F9AAED00084F7BD /* MGTwitterEngineDelegate.h */,
				033595120F9AAED00084F7BD /* MGTwitterEngineGlobalHeader.h */,
				033595130F9AAED00084F7BD /* MGTwitterHTTPURLConnection.h */,
				033595140F9AAED00084F7BD /* MGTwitterHTTPURLConnection.m */,
				033595150F9AAED00084F7BD /* MGTwitterLibXMLParser.h */,
				033595160F9AAED00084F7BD /* MGTwitterLibXMLParser.m */,
				033595170F9AAED00084F7BD /* MGTwitterMessagesLibXMLParser.h */,
				033595180F9AAED00084F7BD /* MGTwitterMessagesLibXMLParser.m */,
				033595190F9AAED00084F7BD /* MGTwitterMessagesParser.h */,
				0335951A0F9AAED00084F7BD /* MGTwitterMessagesParser.m */,
				0335951D0F9AAED00084F7BD /* MGTwitterMiscLibXMLParser.h */,
				0335951E0F9AAED00084F7BD /* MGTwitterMiscLibXMLParser.m */,
				0335951F0F9AAED00084F7BD /* MGTwitterMiscParser.h */,
				033595200F9AAED00084F7BD /* MGTwitterMiscParser.m */,
				033595230F9AAED00084F7BD /* MGTwitterParserDelegate.h */,
				033595240F9AAED00084F7BD /* MGTwitterRequestTypes.h */,
				033595270F9AAED00084F7BD /* MGTwitterStatusesLibXMLParser.h */,
				033595280F9AAED00084F7BD /* MGTwitterStatusesLibXMLParser.m */,
				033595290F9AAED00084F7BD /* MGTwitterStatusesParser.h */,
				0335952A0F9AAED00084F7BD /* MGTwitterStatusesParser.m */,
				0335952D0F9AAED00084F7BD /* MGTwitterUsersLibXMLParser.h */,
				0335952E0F9AAED00084F7BD /* MGTwitterUsersLibXMLParser.m */,
				0335952F0F9AAED00084F7BD /* MGTwitterUsersParser.h */,
				033595300F9AAED00084F7BD /* MGTwitterUsersParser.m */,
				033595330F9AAED00084F7BD /* MGTwitterXMLParser.h */,
				033595340F9AAED00084F7BD /* MGTwitterXMLParser.m */,
				033595370F9AAED00084F7BD /* NSData+Base64.h */,
				033595380F9AAED00084F7BD /* NSData+Base64.m */,
				033595390F9AAED00084F7BD /* NSString+UUID.h */,
				0335953A0F9AAED00084F7BD /* NSString+UUID.m */,
			);
			path = MGTwitterEngine;
			sourceTree = "<group>";
		};
		033599490F9CC3A80084F7BD /* View */ = {
			isa = PBXGroup;
			children = (
				033599280F9CC2500084F7BD /* TweetView.h */,
				033599290F9CC2500084F7BD /* TweetView.m */,
				03359D180F9D09190084F7BD /* TweetCollectionViewItem.h */,
				03359D190F9D09190084F7BD /* TweetCollectionViewItem.m */,
			);
			name = View;
			sourceTree = "<group>";
		};
		080E96DDFE201D6D7F000001 /* Classes */ = {
			isa = PBXGroup;
			children = (
				77C8280B06725ACE000B614F /* TwitHunter_AppDelegate.h */,
				77C8280C06725ACE000B614F /* TwitHunter_AppDelegate.m */,
				033595900F9AB5180084F7BD /* THController.h */,
				033595910F9AB5180084F7BD /* THController.m */,
			);
			name = Classes;
			sourceTree = "<group>";
		};
		1058C7A0FEA54F0111CA2CBB /* Linked Frameworks */ = {
			isa = PBXGroup;
			children = (
				033595580F9AAF430084F7BD /* libxml2.dylib */,
				1058C7A1FEA54F0111CA2CBB /* Cocoa.framework */,
			);
			name = "Linked Frameworks";
			sourceTree = "<group>";
		};
		1058C7A2FEA54F0111CA2CBB /* Other Frameworks */ = {
			isa = PBXGroup;
			children = (
				77C82804067257F0000B614F /* CoreData.framework */,
				29B97325FDCFA39411CA2CEA /* Foundation.framework */,
				29B97324FDCFA39411CA2CEA /* AppKit.framework */,
			);
			name = "Other Frameworks";
			sourceTree = "<group>";
		};
		19C28FACFE9D520D11CA2CBB /* Products */ = {
			isa = PBXGroup;
			children = (
				8D1107320486CEB800E47090 /* TwitHunter.app */,
			);
			name = Products;
			sourceTree = "<group>";
		};
		29B97314FDCFA39411CA2CEA /* TwitHunter */ = {
			isa = PBXGroup;
			children = (
				0335950D0F9AAED00084F7BD /* MGTwitterEngine */,
				033599490F9CC3A80084F7BD /* View */,
				080E96DDFE201D6D7F000001 /* Classes */,
				7756732906782D8800D1FEB8 /* Models */,
				29B97315FDCFA39411CA2CEA /* Other Sources */,
				29B97317FDCFA39411CA2CEA /* Resources */,
				29B97323FDCFA39411CA2CEA /* Frameworks */,
				19C28FACFE9D520D11CA2CBB /* Products */,
			);
			name = TwitHunter;
			sourceTree = "<group>";
		};
		29B97315FDCFA39411CA2CEA /* Other Sources */ = {
			isa = PBXGroup;
			children = (
				32CA4F630368D1EE00C91783 /* TwitHunter_Prefix.pch */,
				29B97316FDCFA39411CA2CEA /* main.m */,
			);
			name = "Other Sources";
			sourceTree = "<group>";
		};
		29B97317FDCFA39411CA2CEA /* Resources */ = {
			isa = PBXGroup;
			children = (
				8D1107310486CEB800E47090 /* Info.plist */,
				089C165CFE840E0CC02AAC07 /* InfoPlist.strings */,
				2F7446970DB6B7EA00F9684A /* MainMenu.xib */,
				03359F1B0F9D412A0084F7BD /* Defaults.plist */,
			);
			name = Resources;
			sourceTree = "<group>";
		};
		29B97323FDCFA39411CA2CEA /* Frameworks */ = {
			isa = PBXGroup;
			children = (
				1058C7A0FEA54F0111CA2CBB /* Linked Frameworks */,
				1058C7A2FEA54F0111CA2CBB /* Other Frameworks */,
			);
			name = Frameworks;
			sourceTree = "<group>";
		};
		7756732906782D8800D1FEB8 /* Models */ = {
			isa = PBXGroup;
			children = (
				039B77E90F9F2C99009A0C57 /* Tweet.h */,
				039B77EA0F9F2C99009A0C57 /* Tweet.m */,
				03359F750F9D48F20084F7BD /* TextRule.h */,
				03359F760F9D48F20084F7BD /* TextRule.m */,
				033596310F9B9AF30084F7BD /* User.h */,
				033596320F9B9AF30084F7BD /* User.m */,
				033596820F9BF7DE0084F7BD /* NSManagedObject+TH.h */,
				033596830F9BF7DE0084F7BD /* NSManagedObject+TH.m */,
				770B37EC0679A11B001EADE2 /* TwitHunter_DataModel.xcdatamodel */,
			);
			name = Models;
			sourceTree = "<group>";
		};
/* End PBXGroup section */

/* Begin PBXNativeTarget section */
		8D1107260486CEB800E47090 /* TwitHunter */ = {
			isa = PBXNativeTarget;
			buildConfigurationList = 26FC0A840875C7B200E6366F /* Build configuration list for PBXNativeTarget "TwitHunter" */;
			buildPhases = (
				8D1107290486CEB800E47090 /* Resources */,
				8D11072C0486CEB800E47090 /* Sources */,
				8D11072E0486CEB800E47090 /* Frameworks */,
			);
			buildRules = (
			);
			dependencies = (
			);
			name = TwitHunter;
			productInstallPath = "$(HOME)/Applications";
			productName = TwitHunter;
			productReference = 8D1107320486CEB800E47090 /* TwitHunter.app */;
			productType = "com.apple.product-type.application";
		};
/* End PBXNativeTarget section */

/* Begin PBXProject section */
		29B97313FDCFA39411CA2CEA /* Project object */ = {
			isa = PBXProject;
			buildConfigurationList = 26FC0A880875C7B200E6366F /* Build configuration list for PBXProject "TwitHunter" */;
			compatibilityVersion = "Xcode 3.1";
			hasScannedForEncodings = 1;
			mainGroup = 29B97314FDCFA39411CA2CEA /* TwitHunter */;
			projectDirPath = "";
			projectRoot = "";
			targets = (
				8D1107260486CEB800E47090 /* TwitHunter */,
			);
		};
/* End PBXProject section */

/* Begin PBXResourcesBuildPhase section */
		8D1107290486CEB800E47090 /* Resources */ = {
			isa = PBXResourcesBuildPhase;
			buildActionMask = 2147483647;
			files = (
				8D11072B0486CEB800E47090 /* InfoPlist.strings in Resources */,
				2F7446990DB6B7EA00F9684A /* MainMenu.xib in Resources */,
				03359F1C0F9D412A0084F7BD /* Defaults.plist in Resources */,
			);
			runOnlyForDeploymentPostprocessing = 0;
		};
/* End PBXResourcesBuildPhase section */

/* Begin PBXSourcesBuildPhase section */
		8D11072C0486CEB800E47090 /* Sources */ = {
			isa = PBXSourcesBuildPhase;
			buildActionMask = 2147483647;
			files = (
				8D11072D0486CEB800E47090 /* main.m in Sources */,
				77C8280E06725ACE000B614F /* TwitHunter_AppDelegate.m in Sources */,
				770B37ED0679A11B001EADE2 /* TwitHunter_DataModel.xcdatamodel in Sources */,
				0335953B0F9AAED00084F7BD /* MGTwitterEngine.m in Sources */,
				0335953C0F9AAED00084F7BD /* MGTwitterHTTPURLConnection.m in Sources */,
				0335953D0F9AAED00084F7BD /* MGTwitterLibXMLParser.m in Sources */,
				0335953E0F9AAED00084F7BD /* MGTwitterMessagesLibXMLParser.m in Sources */,
				0335953F0F9AAED00084F7BD /* MGTwitterMessagesParser.m in Sources */,
				033595410F9AAED00084F7BD /* MGTwitterMiscLibXMLParser.m in Sources */,
				033595420F9AAED00084F7BD /* MGTwitterMiscParser.m in Sources */,
				033595450F9AAED00084F7BD /* MGTwitterStatusesLibXMLParser.m in Sources */,
				033595460F9AAED00084F7BD /* MGTwitterStatusesParser.m in Sources */,
				033595480F9AAED00084F7BD /* MGTwitterUsersLibXMLParser.m in Sources */,
				033595490F9AAED00084F7BD /* MGTwitterUsersParser.m in Sources */,
				0335954B0F9AAED00084F7BD /* MGTwitterXMLParser.m in Sources */,
				0335954D0F9AAED00084F7BD /* NSData+Base64.m in Sources */,
				0335954E0F9AAED00084F7BD /* NSString+UUID.m in Sources */,
				033595920F9AB5180084F7BD /* THController.m in Sources */,
				033596340F9B9AF30084F7BD /* User.m in Sources */,
				033596840F9BF7DE0084F7BD /* NSManagedObject+TH.m in Sources */,
				0335992A0F9CC2500084F7BD /* TweetView.m in Sources */,
				03359D1A0F9D09190084F7BD /* TweetCollectionViewItem.m in Sources */,
				03359F790F9D48F20084F7BD /* TextRule.m in Sources */,
				039B77EB0F9F2C99009A0C57 /* Tweet.m in Sources */,
			);
			runOnlyForDeploymentPostprocessing = 0;
		};
/* End PBXSourcesBuildPhase section */

/* Begin PBXVariantGroup section */
		089C165CFE840E0CC02AAC07 /* InfoPlist.strings */ = {
			isa = PBXVariantGroup;
			children = (
				089C165DFE840E0CC02AAC07 /* English */,
			);
			name = InfoPlist.strings;
			sourceTree = "<group>";
		};
		2F7446970DB6B7EA00F9684A /* MainMenu.xib */ = {
			isa = PBXVariantGroup;
			children = (
				2F7446980DB6B7EA00F9684A /* English */,
			);
			name = MainMenu.xib;
			sourceTree = "<group>";
		};
/* End PBXVariantGroup section */

/* Begin XCBuildConfiguration section */
		26FC0A850875C7B200E6366F /* Debug */ = {
			isa = XCBuildConfiguration;
			buildSettings = {
				COPY_PHASE_STRIP = NO;
				GCC_DYNAMIC_NO_PIC = NO;
				GCC_ENABLE_FIX_AND_CONTINUE = YES;
				GCC_ENABLE_OBJC_EXCEPTIONS = YES;
				GCC_MODEL_TUNING = G5;
				GCC_OPTIMIZATION_LEVEL = 0;
				GCC_PRECOMPILE_PREFIX_HEADER = YES;
				GCC_PREFIX_HEADER = TwitHunter_Prefix.pch;
				INFOPLIST_FILE = Info.plist;
				INSTALL_PATH = "$(HOME)/Applications";
				PRODUCT_NAME = TwitHunter;
				WRAPPER_EXTENSION = app;
			};
			name = Debug;
		};
		26FC0A860875C7B200E6366F /* Release */ = {
			isa = XCBuildConfiguration;
			buildSettings = {
				DEBUG_INFORMATION_FORMAT = "dwarf-with-dsym";
				GCC_ENABLE_OBJC_EXCEPTIONS = YES;
				GCC_MODEL_TUNING = G5;
				GCC_PRECOMPILE_PREFIX_HEADER = YES;
				GCC_PREFIX_HEADER = TwitHunter_Prefix.pch;
				INFOPLIST_FILE = Info.plist;
				INSTALL_PATH = "$(HOME)/Applications";
				PRODUCT_NAME = TwitHunter;
				WRAPPER_EXTENSION = app;
			};
			name = Release;
		};
		26FC0A890875C7B200E6366F /* Debug */ = {
			isa = XCBuildConfiguration;
			buildSettings = {
				ARCHS = "$(ARCHS_STANDARD_32_BIT)";
				GCC_C_LANGUAGE_STANDARD = c99;
				GCC_WARN_ABOUT_RETURN_TYPE = YES;
				GCC_WARN_UNUSED_VARIABLE = YES;
				HEADER_SEARCH_PATHS = /usr/include/libxml2;
				ONLY_ACTIVE_ARCH = YES;
				PREBINDING = NO;
				SDKROOT = macosx10.5;
			};
			name = Debug;
		};
		26FC0A8A0875C7B200E6366F /* Release */ = {
			isa = XCBuildConfiguration;
			buildSettings = {
				ARCHS = "$(ARCHS_STANDARD_32_BIT)";
				GCC_C_LANGUAGE_STANDARD = c99;
				GCC_WARN_ABOUT_RETURN_TYPE = YES;
				GCC_WARN_UNUSED_VARIABLE = YES;
				HEADER_SEARCH_PATHS = /usr/include/libxml2;
				PREBINDING = NO;
				SDKROOT = macosx10.5;
			};
			name = Release;
		};
/* End XCBuildConfiguration section */

/* Begin XCConfigurationList section */
		26FC0A840875C7B200E6366F /* Build configuration list for PBXNativeTarget "TwitHunter" */ = {
			isa = XCConfigurationList;
			buildConfigurations = (
				26FC0A850875C7B200E6366F /* Debug */,
				26FC0A860875C7B200E6366F /* Release */,
			);
			defaultConfigurationIsVisible = 0;
			defaultConfigurationName = Debug;
		};
		26FC0A880875C7B200E6366F /* Build configuration list for PBXProject "TwitHunter" */ = {
			isa = XCConfigurationList;
			buildConfigurations = (
				26FC0A890875C7B200E6366F /* Debug */,
				26FC0A8A0875C7B200E6366F /* Release */,
			);
			defaultConfigurationIsVisible = 0;
			defaultConfigurationName = Debug;
		};
/* End XCConfigurationList section */
	};
	rootObject = 29B97313FDCFA39411CA2CEA /* Project object */;
}
